// !$*UTF8*$!
{
	archiveVersion = 1;
	classes = {
	};
	objectVersion = 50;
	objects = {

/* Begin PBXBuildFile section */
		6DAEC57521707BD2005735D6 /* AppDelegate.swift in Sources */ = {isa = PBXBuildFile; fileRef = 6DAEC57421707BD2005735D6 /* AppDelegate.swift */; };
		6DAEC57A21707BD2005735D6 /* Main.storyboard in Resources */ = {isa = PBXBuildFile; fileRef = 6DAEC57821707BD2005735D6 /* Main.storyboard */; };
		6DAEC57D21707BD2005735D6 /* Photos.xcdatamodeld in Sources */ = {isa = PBXBuildFile; fileRef = 6DAEC57B21707BD2005735D6 /* Photos.xcdatamodeld */; };
		6DAEC57F21707BD5005735D6 /* Assets.xcassets in Resources */ = {isa = PBXBuildFile; fileRef = 6DAEC57E21707BD5005735D6 /* Assets.xcassets */; };
		6DAEC58221707BD5005735D6 /* LaunchScreen.storyboard in Resources */ = {isa = PBXBuildFile; fileRef = 6DAEC58021707BD5005735D6 /* LaunchScreen.storyboard */; };
		6DAEC58D21707BD5005735D6 /* PhotosTests.swift in Sources */ = {isa = PBXBuildFile; fileRef = 6DAEC58C21707BD5005735D6 /* PhotosTests.swift */; };
		6DAEC59821707BD5005735D6 /* PhotosUITests.swift in Sources */ = {isa = PBXBuildFile; fileRef = 6DAEC59721707BD5005735D6 /* PhotosUITests.swift */; };
		6DAEC5A621707BF3005735D6 /* PhotoViewController.swift in Sources */ = {isa = PBXBuildFile; fileRef = 6DAEC5A521707BF3005735D6 /* PhotoViewController.swift */; };
/* End PBXBuildFile section */

/* Begin PBXContainerItemProxy section */
		6DAEC58921707BD5005735D6 /* PBXContainerItemProxy */ = {
			isa = PBXContainerItemProxy;
			containerPortal = 6DAEC56921707BD2005735D6 /* Project object */;
			proxyType = 1;
			remoteGlobalIDString = 6DAEC57021707BD2005735D6;
			remoteInfo = Photos;
		};
		6DAEC59421707BD5005735D6 /* PBXContainerItemProxy */ = {
			isa = PBXContainerItemProxy;
			containerPortal = 6DAEC56921707BD2005735D6 /* Project object */;
			proxyType = 1;
			remoteGlobalIDString = 6DAEC57021707BD2005735D6;
			remoteInfo = Photos;
		};
/* End PBXContainerItemProxy section */

/* Begin PBXFileReference section */
		6DAEC57121707BD2005735D6 /* Photos.app */ = {isa = PBXFileReference; explicitFileType = wrapper.application; includeInIndex = 0; path = Photos.app; sourceTree = BUILT_PRODUCTS_DIR; };
		6DAEC57421707BD2005735D6 /* AppDelegate.swift */ = {isa = PBXFileReference; lastKnownFileType = sourcecode.swift; path = AppDelegate.swift; sourceTree = "<group>"; };
		6DAEC57921707BD2005735D6 /* Base */ = {isa = PBXFileReference; lastKnownFileType = file.storyboard; name = Base; path = Base.lproj/Main.storyboard; sourceTree = "<group>"; };
		6DAEC57C21707BD2005735D6 /* Photos.xcdatamodel */ = {isa = PBXFileReference; lastKnownFileType = wrapper.xcdatamodel; path = Photos.xcdatamodel; sourceTree = "<group>"; };
		6DAEC57E21707BD5005735D6 /* Assets.xcassets */ = {isa = PBXFileReference; lastKnownFileType = folder.assetcatalog; path = Assets.xcassets; sourceTree = "<group>"; };
		6DAEC58121707BD5005735D6 /* Base */ = {isa = PBXFileReference; lastKnownFileType = file.storyboard; name = Base; path = Base.lproj/LaunchScreen.storyboard; sourceTree = "<group>"; };
		6DAEC58321707BD5005735D6 /* Info.plist */ = {isa = PBXFileReference; lastKnownFileType = text.plist.xml; path = Info.plist; sourceTree = "<group>"; };
		6DAEC58821707BD5005735D6 /* PhotosTests.xctest */ = {isa = PBXFileReference; explicitFileType = wrapper.cfbundle; includeInIndex = 0; path = PhotosTests.xctest; sourceTree = BUILT_PRODUCTS_DIR; };
		6DAEC58C21707BD5005735D6 /* PhotosTests.swift */ = {isa = PBXFileReference; lastKnownFileType = sourcecode.swift; path = PhotosTests.swift; sourceTree = "<group>"; };
		6DAEC58E21707BD5005735D6 /* Info.plist */ = {isa = PBXFileReference; lastKnownFileType = text.plist.xml; path = Info.plist; sourceTree = "<group>"; };
		6DAEC59321707BD5005735D6 /* PhotosUITests.xctest */ = {isa = PBXFileReference; explicitFileType = wrapper.cfbundle; includeInIndex = 0; path = PhotosUITests.xctest; sourceTree = BUILT_PRODUCTS_DIR; };
		6DAEC59721707BD5005735D6 /* PhotosUITests.swift */ = {isa = PBXFileReference; lastKnownFileType = sourcecode.swift; path = PhotosUITests.swift; sourceTree = "<group>"; };
		6DAEC59921707BD5005735D6 /* Info.plist */ = {isa = PBXFileReference; lastKnownFileType = text.plist.xml; path = Info.plist; sourceTree = "<group>"; };
		6DAEC5A521707BF3005735D6 /* PhotoViewController.swift */ = {isa = PBXFileReference; lastKnownFileType = sourcecode.swift; path = PhotoViewController.swift; sourceTree = "<group>"; };
/* End PBXFileReference section */

/* Begin PBXFrameworksBuildPhase section */
		6DAEC56E21707BD2005735D6 /* Frameworks */ = {
			isa = PBXFrameworksBuildPhase;
			buildActionMask = 2147483647;
			files = (
			);
			runOnlyForDeploymentPostprocessing = 0;
		};
		6DAEC58521707BD5005735D6 /* Frameworks */ = {
			isa = PBXFrameworksBuildPhase;
			buildActionMask = 2147483647;
			files = (
			);
			runOnlyForDeploymentPostprocessing = 0;
		};
		6DAEC59021707BD5005735D6 /* Frameworks */ = {
			isa = PBXFrameworksBuildPhase;
			buildActionMask = 2147483647;
			files = (
			);
			runOnlyForDeploymentPostprocessing = 0;
		};
/* End PBXFrameworksBuildPhase section */

/* Begin PBXGroup section */
		6DAEC56821707BD2005735D6 = {
			isa = PBXGroup;
			children = (
				6DAEC57321707BD2005735D6 /* Photos */,
				6DAEC58B21707BD5005735D6 /* PhotosTests */,
				6DAEC59621707BD5005735D6 /* PhotosUITests */,
				6DAEC57221707BD2005735D6 /* Products */,
			);
			sourceTree = "<group>";
		};
		6DAEC57221707BD2005735D6 /* Products */ = {
			isa = PBXGroup;
			children = (
				6DAEC57121707BD2005735D6 /* Photos.app */,
				6DAEC58821707BD5005735D6 /* PhotosTests.xctest */,
				6DAEC59321707BD5005735D6 /* PhotosUITests.xctest */,
			);
			name = Products;
			sourceTree = "<group>";
		};
		6DAEC57321707BD2005735D6 /* Photos */ = {
			isa = PBXGroup;
			children = (
				6DAEC5A521707BF3005735D6 /* PhotoViewController.swift */,
				6DAEC57421707BD2005735D6 /* AppDelegate.swift */,
				6DAEC57821707BD2005735D6 /* Main.storyboard */,
				6DAEC57E21707BD5005735D6 /* Assets.xcassets */,
				6DAEC58021707BD5005735D6 /* LaunchScreen.storyboard */,
				6DAEC58321707BD5005735D6 /* Info.plist */,
				6DAEC57B21707BD2005735D6 /* Photos.xcdatamodeld */,
			);
			path = Photos;
			sourceTree = "<group>";
		};
		6DAEC58B21707BD5005735D6 /* PhotosTests */ = {
			isa = PBXGroup;
			children = (
				6DAEC58C21707BD5005735D6 /* PhotosTests.swift */,
				6DAEC58E21707BD5005735D6 /* Info.plist */,
			);
			path = PhotosTests;
			sourceTree = "<group>";
		};
		6DAEC59621707BD5005735D6 /* PhotosUITests */ = {
			isa = PBXGroup;
			children = (
				6DAEC59721707BD5005735D6 /* PhotosUITests.swift */,
				6DAEC59921707BD5005735D6 /* Info.plist */,
			);
			path = PhotosUITests;
			sourceTree = "<group>";
		};
/* End PBXGroup section */

/* Begin PBXNativeTarget section */
		6DAEC57021707BD2005735D6 /* Photos */ = {
			isa = PBXNativeTarget;
			buildConfigurationList = 6DAEC59C21707BD5005735D6 /* Build configuration list for PBXNativeTarget "Photos" */;
			buildPhases = (
				6DAEC56D21707BD2005735D6 /* Sources */,
				6DAEC56E21707BD2005735D6 /* Frameworks */,
				6DAEC56F21707BD2005735D6 /* Resources */,
			);
			buildRules = (
			);
			dependencies = (
			);
			name = Photos;
			productName = Photos;
			productReference = 6DAEC57121707BD2005735D6 /* Photos.app */;
			productType = "com.apple.product-type.application";
		};
		6DAEC58721707BD5005735D6 /* PhotosTests */ = {
			isa = PBXNativeTarget;
			buildConfigurationList = 6DAEC59F21707BD5005735D6 /* Build configuration list for PBXNativeTarget "PhotosTests" */;
			buildPhases = (
				6DAEC58421707BD5005735D6 /* Sources */,
				6DAEC58521707BD5005735D6 /* Frameworks */,
				6DAEC58621707BD5005735D6 /* Resources */,
			);
			buildRules = (
			);
			dependencies = (
				6DAEC58A21707BD5005735D6 /* PBXTargetDependency */,
			);
			name = PhotosTests;
			productName = PhotosTests;
			productReference = 6DAEC58821707BD5005735D6 /* PhotosTests.xctest */;
			productType = "com.apple.product-type.bundle.unit-test";
		};
		6DAEC59221707BD5005735D6 /* PhotosUITests */ = {
			isa = PBXNativeTarget;
			buildConfigurationList = 6DAEC5A221707BD5005735D6 /* Build configuration list for PBXNativeTarget "PhotosUITests" */;
			buildPhases = (
				6DAEC58F21707BD5005735D6 /* Sources */,
				6DAEC59021707BD5005735D6 /* Frameworks */,
				6DAEC59121707BD5005735D6 /* Resources */,
			);
			buildRules = (
			);
			dependencies = (
				6DAEC59521707BD5005735D6 /* PBXTargetDependency */,
			);
			name = PhotosUITests;
			productName = PhotosUITests;
			productReference = 6DAEC59321707BD5005735D6 /* PhotosUITests.xctest */;
			productType = "com.apple.product-type.bundle.ui-testing";
		};
/* End PBXNativeTarget section */

/* Begin PBXProject section */
		6DAEC56921707BD2005735D6 /* Project object */ = {
			isa = PBXProject;
			attributes = {
				LastSwiftUpdateCheck = 1000;
				LastUpgradeCheck = 1000;
				ORGANIZATIONNAME = "Liam Flaherty";
				TargetAttributes = {
					6DAEC57021707BD2005735D6 = {
						CreatedOnToolsVersion = 10.0;
					};
					6DAEC58721707BD5005735D6 = {
						CreatedOnToolsVersion = 10.0;
						TestTargetID = 6DAEC57021707BD2005735D6;
					};
					6DAEC59221707BD5005735D6 = {
						CreatedOnToolsVersion = 10.0;
						TestTargetID = 6DAEC57021707BD2005735D6;
					};
				};
			};
			buildConfigurationList = 6DAEC56C21707BD2005735D6 /* Build configuration list for PBXProject "Photos" */;
			compatibilityVersion = "Xcode 9.3";
			developmentRegion = en;
			hasScannedForEncodings = 0;
			knownRegions = (
				en,
				Base,
			);
			mainGroup = 6DAEC56821707BD2005735D6;
			productRefGroup = 6DAEC57221707BD2005735D6 /* Products */;
			projectDirPath = "";
			projectRoot = "";
			targets = (
				6DAEC57021707BD2005735D6 /* Photos */,
				6DAEC58721707BD5005735D6 /* PhotosTests */,
				6DAEC59221707BD5005735D6 /* PhotosUITests */,
			);
		};
/* End PBXProject section */

/* Begin PBXResourcesBuildPhase section */
		6DAEC56F21707BD2005735D6 /* Resources */ = {
			isa = PBXResourcesBuildPhase;
			buildActionMask = 2147483647;
			files = (
				6DAEC58221707BD5005735D6 /* LaunchScreen.storyboard in Resources */,
				6DAEC57F21707BD5005735D6 /* Assets.xcassets in Resources */,
				6DAEC57A21707BD2005735D6 /* Main.storyboard in Resources */,
			);
			runOnlyForDeploymentPostprocessing = 0;
		};
		6DAEC58621707BD5005735D6 /* Resources */ = {
			isa = PBXResourcesBuildPhase;
			buildActionMask = 2147483647;
			files = (
			);
			runOnlyForDeploymentPostprocessing = 0;
		};
		6DAEC59121707BD5005735D6 /* Resources */ = {
			isa = PBXResourcesBuildPhase;
			buildActionMask = 2147483647;
			files = (
			);
			runOnlyForDeploymentPostprocessing = 0;
		};
/* End PBXResourcesBuildPhase section */

/* Begin PBXSourcesBuildPhase section */
		6DAEC56D21707BD2005735D6 /* Sources */ = {
			isa = PBXSourcesBuildPhase;
			buildActionMask = 2147483647;
			files = (
				6DAEC57D21707BD2005735D6 /* Photos.xcdatamodeld in Sources */,
				6DAEC57521707BD2005735D6 /* AppDelegate.swift in Sources */,
				6DAEC5A621707BF3005735D6 /* PhotoViewController.swift in Sources */,
			);
			runOnlyForDeploymentPostprocessing = 0;
		};
		6DAEC58421707BD5005735D6 /* Sources */ = {
			isa = PBXSourcesBuildPhase;
			buildActionMask = 2147483647;
			files = (
				6DAEC58D21707BD5005735D6 /* PhotosTests.swift in Sources */,
			);
			runOnlyForDeploymentPostprocessing = 0;
		};
		6DAEC58F21707BD5005735D6 /* Sources */ = {
			isa = PBXSourcesBuildPhase;
			buildActionMask = 2147483647;
			files = (
				6DAEC59821707BD5005735D6 /* PhotosUITests.swift in Sources */,
			);
			runOnlyForDeploymentPostprocessing = 0;
		};
/* End PBXSourcesBuildPhase section */

/* Begin PBXTargetDependency section */
		6DAEC58A21707BD5005735D6 /* PBXTargetDependency */ = {
			isa = PBXTargetDependency;
			target = 6DAEC57021707BD2005735D6 /* Photos */;
			targetProxy = 6DAEC58921707BD5005735D6 /* PBXContainerItemProxy */;
		};
		6DAEC59521707BD5005735D6 /* PBXTargetDependency */ = {
			isa = PBXTargetDependency;
			target = 6DAEC57021707BD2005735D6 /* Photos */;
			targetProxy = 6DAEC59421707BD5005735D6 /* PBXContainerItemProxy */;
		};
/* End PBXTargetDependency section */

/* Begin PBXVariantGroup section */
		6DAEC57821707BD2005735D6 /* Main.storyboard */ = {
			isa = PBXVariantGroup;
			children = (
				6DAEC57921707BD2005735D6 /* Base */,
			);
			name = Main.storyboard;
			sourceTree = "<group>";
		};
		6DAEC58021707BD5005735D6 /* LaunchScreen.storyboard */ = {
			isa = PBXVariantGroup;
			children = (
				6DAEC58121707BD5005735D6 /* Base */,
			);
			name = LaunchScreen.storyboard;
			sourceTree = "<group>";
		};
/* End PBXVariantGroup section */

/* Begin XCBuildConfiguration section */
		6DAEC59A21707BD5005735D6 /* Debug */ = {
			isa = XCBuildConfiguration;
			buildSettings = {
				ALWAYS_SEARCH_USER_PATHS = NO;
				CLANG_ANALYZER_NONNULL = YES;
				CLANG_ANALYZER_NUMBER_OBJECT_CONVERSION = YES_AGGRESSIVE;
				CLANG_CXX_LANGUAGE_STANDARD = "gnu++14";
				CLANG_CXX_LIBRARY = "libc++";
				CLANG_ENABLE_MODULES = YES;
				CLANG_ENABLE_OBJC_ARC = YES;
				CLANG_ENABLE_OBJC_WEAK = YES;
				CLANG_WARN_BLOCK_CAPTURE_AUTORELEASING = YES;
				CLANG_WARN_BOOL_CONVERSION = YES;
				CLANG_WARN_COMMA = YES;
				CLANG_WARN_CONSTANT_CONVERSION = YES;
				CLANG_WARN_DEPRECATED_OBJC_IMPLEMENTATIONS = YES;
				CLANG_WARN_DIRECT_OBJC_ISA_USAGE = YES_ERROR;
				CLANG_WARN_DOCUMENTATION_COMMENTS = YES;
				CLANG_WARN_EMPTY_BODY = YES;
				CLANG_WARN_ENUM_CONVERSION = YES;
				CLANG_WARN_INFINITE_RECURSION = YES;
				CLANG_WARN_INT_CONVERSION = YES;
				CLANG_WARN_NON_LITERAL_NULL_CONVERSION = YES;
				CLANG_WARN_OBJC_IMPLICIT_RETAIN_SELF = YES;
				CLANG_WARN_OBJC_LITERAL_CONVERSION = YES;
				CLANG_WARN_OBJC_ROOT_CLASS = YES_ERROR;
				CLANG_WARN_RANGE_LOOP_ANALYSIS = YES;
				CLANG_WARN_STRICT_PROTOTYPES = YES;
				CLANG_WARN_SUSPICIOUS_MOVE = YES;
				CLANG_WARN_UNGUARDED_AVAILABILITY = YES_AGGRESSIVE;
				CLANG_WARN_UNREACHABLE_CODE = YES;
				CLANG_WARN__DUPLICATE_METHOD_MATCH = YES;
				CODE_SIGN_IDENTITY = "iPhone Developer";
				COPY_PHASE_STRIP = NO;
				DEBUG_INFORMATION_FORMAT = dwarf;
				ENABLE_STRICT_OBJC_MSGSEND = YES;
				ENABLE_TESTABILITY = YES;
				GCC_C_LANGUAGE_STANDARD = gnu11;
				GCC_DYNAMIC_NO_PIC = NO;
				GCC_NO_COMMON_BLOCKS = YES;
				GCC_OPTIMIZATION_LEVEL = 0;
				GCC_PREPROCESSOR_DEFINITIONS = (
					"DEBUG=1",
					"$(inherited)",
				);
				GCC_WARN_64_TO_32_BIT_CONVERSION = YES;
				GCC_WARN_ABOUT_RETURN_TYPE = YES_ERROR;
				GCC_WARN_UNDECLARED_SELECTOR = YES;
				GCC_WARN_UNINITIALIZED_AUTOS = YES_AGGRESSIVE;
				GCC_WARN_UNUSED_FUNCTION = YES;
				GCC_WARN_UNUSED_VARIABLE = YES;
				IPHONEOS_DEPLOYMENT_TARGET = 12.0;
				MTL_ENABLE_DEBUG_INFO = INCLUDE_SOURCE;
				MTL_FAST_MATH = YES;
				ONLY_ACTIVE_ARCH = YES;
				SDKROOT = iphoneos;
				SWIFT_ACTIVE_COMPILATION_CONDITIONS = DEBUG;
				SWIFT_OPTIMIZATION_LEVEL = "-Onone";
			};
			name = Debug;
		};
		6DAEC59B21707BD5005735D6 /* Release */ = {
			isa = XCBuildConfiguration;
			buildSettings = {
				ALWAYS_SEARCH_USER_PATHS = NO;
				CLANG_ANALYZER_NONNULL = YES;
				CLANG_ANALYZER_NUMBER_OBJECT_CONVERSION = YES_AGGRESSIVE;
				CLANG_CXX_LANGUAGE_STANDARD = "gnu++14";
				CLANG_CXX_LIBRARY = "libc++";
				CLANG_ENABLE_MODULES = YES;
				CLANG_ENABLE_OBJC_ARC = YES;
				CLANG_ENABLE_OBJC_WEAK = YES;
				CLANG_WARN_BLOCK_CAPTURE_AUTORELEASING = YES;
				CLANG_WARN_BOOL_CONVERSION = YES;
				CLANG_WARN_COMMA = YES;
				CLANG_WARN_CONSTANT_CONVERSION = YES;
				CLANG_WARN_DEPRECATED_OBJC_IMPLEMENTATIONS = YES;
				CLANG_WARN_DIRECT_OBJC_ISA_USAGE = YES_ERROR;
				CLANG_WARN_DOCUMENTATION_COMMENTS = YES;
				CLANG_WARN_EMPTY_BODY = YES;
				CLANG_WARN_ENUM_CONVERSION = YES;
				CLANG_WARN_INFINITE_RECURSION = YES;
				CLANG_WARN_INT_CONVERSION = YES;
				CLANG_WARN_NON_LITERAL_NULL_CONVERSION = YES;
				CLANG_WARN_OBJC_IMPLICIT_RETAIN_SELF = YES;
				CLANG_WARN_OBJC_LITERAL_CONVERSION = YES;
				CLANG_WARN_OBJC_ROOT_CLASS = YES_ERROR;
				CLANG_WARN_RANGE_LOOP_ANALYSIS = YES;
				CLANG_WARN_STRICT_PROTOTYPES = YES;
				CLANG_WARN_SUSPICIOUS_MOVE = YES;
				CLANG_WARN_UNGUARDED_AVAILABILITY = YES_AGGRESSIVE;
				CLANG_WARN_UNREACHABLE_CODE = YES;
				CLANG_WARN__DUPLICATE_METHOD_MATCH = YES;
				CODE_SIGN_IDENTITY = "iPhone Developer";
				COPY_PHASE_STRIP = NO;
				DEBUG_INFORMATION_FORMAT = "dwarf-with-dsym";
				ENABLE_NS_ASSERTIONS = NO;
				ENABLE_STRICT_OBJC_MSGSEND = YES;
				GCC_C_LANGUAGE_STANDARD = gnu11;
				GCC_NO_COMMON_BLOCKS = YES;
				GCC_WARN_64_TO_32_BIT_CONVERSION = YES;
				GCC_WARN_ABOUT_RETURN_TYPE = YES_ERROR;
				GCC_WARN_UNDECLARED_SELECTOR = YES;
				GCC_WARN_UNINITIALIZED_AUTOS = YES_AGGRESSIVE;
				GCC_WARN_UNUSED_FUNCTION = YES;
				GCC_WARN_UNUSED_VARIABLE = YES;
				IPHONEOS_DEPLOYMENT_TARGET = 12.0;
				MTL_ENABLE_DEBUG_INFO = NO;
				MTL_FAST_MATH = YES;
				SDKROOT = iphoneos;
				SWIFT_COMPILATION_MODE = wholemodule;
				SWIFT_OPTIMIZATION_LEVEL = "-O";
				VALIDATE_PRODUCT = YES;
			};
			name = Release;
		};
		6DAEC59D21707BD5005735D6 /* Debug */ = {
			isa = XCBuildConfiguration;
			buildSettings = {
				ASSETCATALOG_COMPILER_APPICON_NAME = AppIcon;
				CODE_SIGN_STYLE = Automatic;
				INFOPLIST_FILE = Photos/Info.plist;
				LD_RUNPATH_SEARCH_PATHS = (
					"$(inherited)",
					"@executable_path/Frameworks",
				);
				PRODUCT_BUNDLE_IDENTIFIER = "Infotech-4425.Photos";
				PRODUCT_NAME = "$(TARGET_NAME)";
				SWIFT_VERSION = 4.2;
				TARGETED_DEVICE_FAMILY = "1,2";
			};
			name = Debug;
		};
		6DAEC59E21707BD5005735D6 /* Release */ = {
			isa = XCBuildConfiguration;
			buildSettings = {
				ASSETCATALOG_COMPILER_APPICON_NAME = AppIcon;
				CODE_SIGN_STYLE = Automatic;
				INFOPLIST_FILE = Photos/Info.plist;
				LD_RUNPATH_SEARCH_PATHS = (
					"$(inherited)",
					"@executable_path/Frameworks",
				);
				PRODUCT_BUNDLE_IDENTIFIER = "Infotech-4425.Photos";
				PRODUCT_NAME = "$(TARGET_NAME)";
				SWIFT_VERSION = 4.2;
				TARGETED_DEVICE_FAMILY = "1,2";
			};
			name = Release;
		};
		6DAEC5A021707BD5005735D6 /* Debug */ = {
			isa = XCBuildConfiguration;
			buildSettings = {
				ALWAYS_EMBED_SWIFT_STANDARD_LIBRARIES = YES;
				BUNDLE_LOADER = "$(TEST_HOST)";
				CODE_SIGN_STYLE = Automatic;
				INFOPLIST_FILE = PhotosTests/Info.plist;
				LD_RUNPATH_SEARCH_PATHS = (
					"$(inherited)",
					"@executable_path/Frameworks",
					"@loader_path/Frameworks",
				);
				PRODUCT_BUNDLE_IDENTIFIER = "Infotech-4425.PhotosTests";
				PRODUCT_NAME = "$(TARGET_NAME)";
				SWIFT_VERSION = 4.2;
				TARGETED_DEVICE_FAMILY = "1,2";
				TEST_HOST = "$(BUILT_PRODUCTS_DIR)/Photos.app/Photos";
			};
			name = Debug;
		};
		6DAEC5A121707BD5005735D6 /* Release */ = {
			isa = XCBuildConfiguration;
			buildSettings = {
				ALWAYS_EMBED_SWIFT_STANDARD_LIBRARIES = YES;
				BUNDLE_LOADER = "$(TEST_HOST)";
				CODE_SIGN_STYLE = Automatic;
				INFOPLIST_FILE = PhotosTests/Info.plist;
				LD_RUNPATH_SEARCH_PATHS = (
					"$(inherited)",
					"@executable_path/Frameworks",
					"@loader_path/Frameworks",
				);
				PRODUCT_BUNDLE_IDENTIFIER = "Infotech-4425.PhotosTests";
				PRODUCT_NAME = "$(TARGET_NAME)";
				SWIFT_VERSION = 4.2;
				TARGETED_DEVICE_FAMILY = "1,2";
				TEST_HOST = "$(BUILT_PRODUCTS_DIR)/Photos.app/Photos";
			};
			name = Release;
		};
		6DAEC5A321707BD5005735D6 /* Debug */ = {
			isa = XCBuildConfiguration;
			buildSettings = {
				ALWAYS_EMBED_SWIFT_STANDARD_LIBRARIES = YES;
				CODE_SIGN_STYLE = Automatic;
				INFOPLIST_FILE = PhotosUITests/Info.plist;
				LD_RUNPATH_SEARCH_PATHS = (
					"$(inherited)",
					"@executable_path/Frameworks",
					"@loader_path/Frameworks",
				);
				PRODUCT_BUNDLE_IDENTIFIER = "Infotech-4425.PhotosUITests";
				PRODUCT_NAME = "$(TARGET_NAME)";
				SWIFT_VERSION = 4.2;
				TARGETED_DEVICE_FAMILY = "1,2";
				TEST_TARGET_NAME = Photos;
			};
			name = Debug;
		};
		6DAEC5A421707BD5005735D6 /* Release */ = {
			isa = XCBuildConfiguration;
			buildSettings = {
				ALWAYS_EMBED_SWIFT_STANDARD_LIBRARIES = YES;
				CODE_SIGN_STYLE = Automatic;
				INFOPLIST_FILE = PhotosUITests/Info.plist;
				LD_RUNPATH_SEARCH_PATHS = (
					"$(inherited)",
					"@executable_path/Frameworks",
					"@loader_path/Frameworks",
				);
				PRODUCT_BUNDLE_IDENTIFIER = "Infotech-4425.PhotosUITests";
				PRODUCT_NAME = "$(TARGET_NAME)";
				SWIFT_VERSION = 4.2;
				TARGETED_DEVICE_FAMILY = "1,2";
				TEST_TARGET_NAME = Photos;
			};
			name = Release;
		};
/* End XCBuildConfiguration section */

/* Begin XCConfigurationList section */
		6DAEC56C21707BD2005735D6 /* Build configuration list for PBXProject "Photos" */ = {
			isa = XCConfigurationList;
			buildConfigurations = (
				6DAEC59A21707BD5005735D6 /* Debug */,
				6DAEC59B21707BD5005735D6 /* Release */,
			);
			defaultConfigurationIsVisible = 0;
			defaultConfigurationName = Release;
		};
		6DAEC59C21707BD5005735D6 /* Build configuration list for PBXNativeTarget "Photos" */ = {
			isa = XCConfigurationList;
			buildConfigurations = (
				6DAEC59D21707BD5005735D6 /* Debug */,
				6DAEC59E21707BD5005735D6 /* Release */,
			);
			defaultConfigurationIsVisible = 0;
			defaultConfigurationName = Release;
		};
		6DAEC59F21707BD5005735D6 /* Build configuration list for PBXNativeTarget "PhotosTests" */ = {
			isa = XCConfigurationList;
			buildConfigurations = (
				6DAEC5A021707BD5005735D6 /* Debug */,
				6DAEC5A121707BD5005735D6 /* Release */,
			);
			defaultConfigurationIsVisible = 0;
			defaultConfigurationName = Release;
		};
		6DAEC5A221707BD5005735D6 /* Build configuration list for PBXNativeTarget "PhotosUITests" */ = {
			isa = XCConfigurationList;
			buildConfigurations = (
				6DAEC5A321707BD5005735D6 /* Debug */,
				6DAEC5A421707BD5005735D6 /* Release */,
			);
			defaultConfigurationIsVisible = 0;
			defaultConfigurationName = Release;
		};
/* End XCConfigurationList section */

/* Begin XCVersionGroup section */
		6DAEC57B21707BD2005735D6 /* Photos.xcdatamodeld */ = {
			isa = XCVersionGroup;
			children = (
				6DAEC57C21707BD2005735D6 /* Photos.xcdatamodel */,
			);
			currentVersion = 6DAEC57C21707BD2005735D6 /* Photos.xcdatamodel */;
			path = Photos.xcdatamodeld;
			sourceTree = "<group>";
			versionGroupType = wrapper.xcdatamodel;
		};
/* End XCVersionGroup section */
	};
	rootObject = 6DAEC56921707BD2005735D6 /* Project object */;
}
